
Microsoft Visual Studio Solution File, Format Version 12.00
# Visual Studio Version 16
VisualStudioVersion = 16.0.29509.3
MinimumVisualStudioVersion = 10.0.40219.1
Project("{9A19103F-16F7-4668-BE54-9A1E7A4F7556}") = "VideoSubscriptionsSaver", "VideoSubscriptionsSaver\VideoSubscriptionsSaver.csproj", "{38C0BEA6-EA8B-47A2-B6C7-D2251C4F5CE4}"
EndProject
Global
	GlobalSection(SolutionConfigurationPlatforms) = preSolution
		Debug|Any CPU = Debug|Any CPU
		Debug|x64 = Debug|x64
		Release|Any CPU = Release|Any CPU
		Release|x64 = Release|x64
	EndGlobalSection
	GlobalSection(ProjectConfigurationPlatforms) = postSolution
		{38C0BEA6-EA8B-47A2-B6C7-D2251C4F5CE4}.Debug|Any CPU.ActiveCfg = Debug|Any CPU
		{38C0BEA6-EA8B-47A2-B6C7-D2251C4F5CE4}.Debug|Any CPU.Build.0 = Debug|Any CPU
		{38C0BEA6-EA8B-47A2-B6C7-D2251C4F5CE4}.Debug|x64.ActiveCfg = Debug|x64
		{38C0BEA6-EA8B-47A2-B6C7-D2251C4F5CE4}.Debug|x64.Build.0 = Debug|x64
		{38C0BEA6-EA8B-47A2-B6C7-D2251C4F5CE4}.Release|Any CPU.ActiveCfg = Release|Any CPU
		{38C0BEA6-EA8B-47A2-B6C7-D2251C4F5CE4}.Release|Any CPU.Build.0 = Release|Any CPU
		{38C0BEA6-EA8B-47A2-B6C7-D2251C4F5CE4}.Release|x64.ActiveCfg = Release|x64
		{38C0BEA6-EA8B-47A2-B6C7-D2251C4F5CE4}.Release|x64.Build.0 = Release|x64
	EndGlobalSection
	GlobalSection(SolutionProperties) = preSolution
		HideSolutionNode = FALSE
	EndGlobalSection
	GlobalSection(ExtensibilityGlobals) = postSolution
		SolutionGuid = {400DF34C-3AC5-4AB1-AC25-E45D457CE35F}
	EndGlobalSection
EndGlobal
