
Microsoft Visual Studio Solution File, Format Version 12.00
# Visual Studio Version 16
VisualStudioVersion = 16.0.29509.3
MinimumVisualStudioVersion = 10.0.40219.1
Project("{FAE04EC0-301F-11D3-BF4B-00C04F79EFBC}") = "VideoSubscriptionsSaver", "VideoSubscriptionsSaver\VideoSubscriptionsSaver.csproj", "{38C0BEA6-EA8B-47A2-B6C7-D2251C4F5CE4}"
EndProject
Global
	GlobalSection(SolutionConfigurationPlatforms) = preSolution
		Debug|Any CPU = Debug|Any CPU
		Release|Any CPU = Release|Any CPU
	EndGlobalSection
	GlobalSection(ProjectConfigurationPlatforms) = postSolution
		{38C0BEA6-EA8B-47A2-B6C7-D2251C4F5CE4}.Debug|Any CPU.ActiveCfg = Debug|Any CPU
		{38C0BEA6-EA8B-47A2-B6C7-D2251C4F5CE4}.Debug|Any CPU.Build.0 = Debug|Any CPU
		{38C0BEA6-EA8B-47A2-B6C7-D2251C4F5CE4}.Release|Any CPU.ActiveCfg = Release|Any CPU
		{38C0BEA6-EA8B-47A2-B6C7-D2251C4F5CE4}.Release|Any CPU.Build.0 = Release|Any CPU
	EndGlobalSection
	GlobalSection(SolutionProperties) = preSolution
		HideSolutionNode = FALSE
	EndGlobalSection
	GlobalSection(ExtensibilityGlobals) = postSolution
		SolutionGuid = {400DF34C-3AC5-4AB1-AC25-E45D457CE35F}
	EndGlobalSection
EndGlobal
